// !$*UTF8*$!
{
	archiveVersion = 1;
	classes = {
	};
	objectVersion = 46;
	objects = {

/* Begin PBXBuildFile section */
		335455541DA9976500225469 /* AppDelegate.swift in Sources */ = {isa = PBXBuildFile; fileRef = 335455531DA9976500225469 /* AppDelegate.swift */; };
		335455561DA9976500225469 /* ViewController.swift in Sources */ = {isa = PBXBuildFile; fileRef = 335455551DA9976500225469 /* ViewController.swift */; };
		335455591DA9976500225469 /* Main.storyboard in Resources */ = {isa = PBXBuildFile; fileRef = 335455571DA9976500225469 /* Main.storyboard */; };
		3354555B1DA9976500225469 /* Assets.xcassets in Resources */ = {isa = PBXBuildFile; fileRef = 3354555A1DA9976500225469 /* Assets.xcassets */; };
		3354555E1DA9976500225469 /* LaunchScreen.storyboard in Resources */ = {isa = PBXBuildFile; fileRef = 3354555C1DA9976500225469 /* LaunchScreen.storyboard */; };
/* End PBXBuildFile section */

/* Begin PBXFileReference section */
		335455501DA9976500225469 /* HelloWorldFromBubbles.app */ = {isa = PBXFileReference; explicitFileType = wrapper.application; includeInIndex = 0; path = HelloWorldFromBubbles.app; sourceTree = BUILT_PRODUCTS_DIR; };
		335455531DA9976500225469 /* AppDelegate.swift */ = {isa = PBXFileReference; lastKnownFileType = sourcecode.swift; path = AppDelegate.swift; sourceTree = "<group>"; };
		335455551DA9976500225469 /* ViewController.swift */ = {isa = PBXFileReference; lastKnownFileType = sourcecode.swift; path = ViewController.swift; sourceTree = "<group>"; };
		335455581DA9976500225469 /* Base */ = {isa = PBXFileReference; lastKnownFileType = file.storyboard; name = Base; path = Base.lproj/Main.storyboard; sourceTree = "<group>"; };
		3354555A1DA9976500225469 /* Assets.xcassets */ = {isa = PBXFileReference; lastKnownFileType = folder.assetcatalog; path = Assets.xcassets; sourceTree = "<group>"; };
		3354555D1DA9976500225469 /* Base */ = {isa = PBXFileReference; lastKnownFileType = file.storyboard; name = Base; path = Base.lproj/LaunchScreen.storyboard; sourceTree = "<group>"; };
		3354555F1DA9976500225469 /* Info.plist */ = {isa = PBXFileReference; lastKnownFileType = text.plist.xml; path = Info.plist; sourceTree = "<group>"; };
/* End PBXFileReference section */

/* Begin PBXFrameworksBuildPhase section */
		3354554D1DA9976500225469 /* Frameworks */ = {
			isa = PBXFrameworksBuildPhase;
			buildActionMask = 2147483647;
			files = (
			);
			runOnlyForDeploymentPostprocessing = 0;
		};
/* End PBXFrameworksBuildPhase section */

/* Begin PBXGroup section */
		335455471DA9976400225469 = {
			isa = PBXGroup;
			children = (
				335455521DA9976500225469 /* HelloWorldFromBubbles */,
				335455511DA9976500225469 /* Products */,
			);
			sourceTree = "<group>";
		};
		335455511DA9976500225469 /* Products */ = {
			isa = PBXGroup;
			children = (
				335455501DA9976500225469 /* HelloWorldFromBubbles.app */,
			);
			name = Products;
			sourceTree = "<group>";
		};
		335455521DA9976500225469 /* HelloWorldFromBubbles */ = {
			isa = PBXGroup;
			children = (
				335455531DA9976500225469 /* AppDelegate.swift */,
				335455551DA9976500225469 /* ViewController.swift */,
				335455571DA9976500225469 /* Main.storyboard */,
				3354555A1DA9976500225469 /* Assets.xcassets */,
				3354555C1DA9976500225469 /* LaunchScreen.storyboard */,
				3354555F1DA9976500225469 /* Info.plist */,
			);
			path = HelloWorldFromBubbles;
			sourceTree = "<group>";
		};
/* End PBXGroup section */

/* Begin PBXNativeTarget section */
		3354554F1DA9976500225469 /* HelloWorldFromBubbles */ = {
			isa = PBXNativeTarget;
			buildConfigurationList = 335455621DA9976500225469 /* Build configuration list for PBXNativeTarget "HelloWorldFromBubbles" */;
			buildPhases = (
				3354554C1DA9976500225469 /* Sources */,
				3354554D1DA9976500225469 /* Frameworks */,
				3354554E1DA9976500225469 /* Resources */,
			);
			buildRules = (
			);
			dependencies = (
			);
			name = HelloWorldFromBubbles;
			productName = HelloWorldFromBubbles;
			productReference = 335455501DA9976500225469 /* HelloWorldFromBubbles.app */;
			productType = "com.apple.product-type.application";
		};
/* End PBXNativeTarget section */

/* Begin PBXProject section */
		335455481DA9976400225469 /* Project object */ = {
			isa = PBXProject;
			attributes = {
				LastSwiftUpdateCheck = 0800;
				LastUpgradeCheck = 0800;
				ORGANIZATIONNAME = Bubbles;
				TargetAttributes = {
					3354554F1DA9976500225469 = {
						CreatedOnToolsVersion = 8.0;
						DevelopmentTeam = PA6TX5AFRU;
						ProvisioningStyle = Automatic;
					};
				};
			};
			buildConfigurationList = 3354554B1DA9976400225469 /* Build configuration list for PBXProject "HelloWorldFromBubbles" */;
			compatibilityVersion = "Xcode 3.2";
			developmentRegion = English;
			hasScannedForEncodings = 0;
			knownRegions = (
				en,
				Base,
			);
			mainGroup = 335455471DA9976400225469;
			productRefGroup = 335455511DA9976500225469 /* Products */;
			projectDirPath = "";
			projectRoot = "";
			targets = (
				3354554F1DA9976500225469 /* HelloWorldFromBubbles */,
			);
		};
/* End PBXProject section */

/* Begin PBXResourcesBuildPhase section */
		3354554E1DA9976500225469 /* Resources */ = {
			isa = PBXResourcesBuildPhase;
			buildActionMask = 2147483647;
			files = (
				3354555E1DA9976500225469 /* LaunchScreen.storyboard in Resources */,
				3354555B1DA9976500225469 /* Assets.xcassets in Resources */,
				335455591DA9976500225469 /* Main.storyboard in Resources */,
			);
			runOnlyForDeploymentPostprocessing = 0;
		};
/* End PBXResourcesBuildPhase section */

/* Begin PBXSourcesBuildPhase section */
		3354554C1DA9976500225469 /* Sources */ = {
			isa = PBXSourcesBuildPhase;
			buildActionMask = 2147483647;
			files = (
				335455561DA9976500225469 /* ViewController.swift in Sources */,
				335455541DA9976500225469 /* AppDelegate.swift in Sources */,
			);
			runOnlyForDeploymentPostprocessing = 0;
		};
/* End PBXSourcesBuildPhase section */

/* Begin PBXVariantGroup section */
		335455571DA9976500225469 /* Main.storyboard */ = {
			isa = PBXVariantGroup;
			children = (
				335455581DA9976500225469 /* Base */,
			);
			name = Main.storyboard;
			sourceTree = "<group>";
		};
		3354555C1DA9976500225469 /* LaunchScreen.storyboard */ = {
			isa = PBXVariantGroup;
			children = (
				3354555D1DA9976500225469 /* Base */,
			);
			name = LaunchScreen.storyboard;
			sourceTree = "<group>";
		};
/* End PBXVariantGroup section */

/* Begin XCBuildConfiguration section */
		335455601DA9976500225469 /* Debug */ = {
			isa = XCBuildConfiguration;
			buildSettings = {
				ALWAYS_SEARCH_USER_PATHS = NO;
				CLANG_ANALYZER_NONNULL = YES;
				CLANG_CXX_LANGUAGE_STANDARD = "gnu++0x";
				CLANG_CXX_LIBRARY = "libc++";
				CLANG_ENABLE_MODULES = YES;
				CLANG_ENABLE_OBJC_ARC = YES;
				CLANG_WARN_BOOL_CONVERSION = YES;
				CLANG_WARN_CONSTANT_CONVERSION = YES;
				CLANG_WARN_DIRECT_OBJC_ISA_USAGE = YES_ERROR;
				CLANG_WARN_DOCUMENTATION_COMMENTS = YES;
				CLANG_WARN_EMPTY_BODY = YES;
				CLANG_WARN_ENUM_CONVERSION = YES;
				CLANG_WARN_INFINITE_RECURSION = YES;
				CLANG_WARN_INT_CONVERSION = YES;
				CLANG_WARN_OBJC_ROOT_CLASS = YES_ERROR;
				CLANG_WARN_SUSPICIOUS_MOVES = YES;
				CLANG_WARN_UNREACHABLE_CODE = YES;
				CLANG_WARN__DUPLICATE_METHOD_MATCH = YES;
				"CODE_SIGN_IDENTITY[sdk=iphoneos*]" = "iPhone Developer";
				COPY_PHASE_STRIP = NO;
				DEBUG_INFORMATION_FORMAT = dwarf;
				ENABLE_STRICT_OBJC_MSGSEND = YES;
				ENABLE_TESTABILITY = YES;
				GCC_C_LANGUAGE_STANDARD = gnu99;
				GCC_DYNAMIC_NO_PIC = NO;
				GCC_NO_COMMON_BLOCKS = YES;
				GCC_OPTIMIZATION_LEVEL = 0;
				GCC_PREPROCESSOR_DEFINITIONS = (
					"DEBUG=1",
					"$(inherited)",
				);
				GCC_WARN_64_TO_32_BIT_CONVERSION = YES;
				GCC_WARN_ABOUT_RETURN_TYPE = YES_ERROR;
				GCC_WARN_UNDECLARED_SELECTOR = YES;
				GCC_WARN_UNINITIALIZED_AUTOS = YES_AGGRESSIVE;
				GCC_WARN_UNUSED_FUNCTION = YES;
				GCC_WARN_UNUSED_VARIABLE = YES;
				IPHONEOS_DEPLOYMENT_TARGET = 10.0;
				MTL_ENABLE_DEBUG_INFO = YES;
				ONLY_ACTIVE_ARCH = YES;
				SDKROOT = iphoneos;
				SWIFT_ACTIVE_COMPILATION_CONDITIONS = DEBUG;
				SWIFT_OPTIMIZATION_LEVEL = "-Onone";
			};
			name = Debug;
		};
		335455611DA9976500225469 /* Release */ = {
			isa = XCBuildConfiguration;
			buildSettings = {
				ALWAYS_SEARCH_USER_PATHS = NO;
				CLANG_ANALYZER_NONNULL = YES;
				CLANG_CXX_LANGUAGE_STANDARD = "gnu++0x";
				CLANG_CXX_LIBRARY = "libc++";
				CLANG_ENABLE_MODULES = YES;
				CLANG_ENABLE_OBJC_ARC = YES;
				CLANG_WARN_BOOL_CONVERSION = YES;
				CLANG_WARN_CONSTANT_CONVERSION = YES;
				CLANG_WARN_DIRECT_OBJC_ISA_USAGE = YES_ERROR;
				CLANG_WARN_DOCUMENTATION_COMMENTS = YES;
				CLANG_WARN_EMPTY_BODY = YES;
				CLANG_WARN_ENUM_CONVERSION = YES;
				CLANG_WARN_INFINITE_RECURSION = YES;
				CLANG_WARN_INT_CONVERSION = YES;
				CLANG_WARN_OBJC_ROOT_CLASS = YES_ERROR;
				CLANG_WARN_SUSPICIOUS_MOVES = YES;
				CLANG_WARN_UNREACHABLE_CODE = YES;
				CLANG_WARN__DUPLICATE_METHOD_MATCH = YES;
				"CODE_SIGN_IDENTITY[sdk=iphoneos*]" = "iPhone Developer";
				COPY_PHASE_STRIP = NO;
				DEBUG_INFORMATION_FORMAT = "dwarf-with-dsym";
				ENABLE_NS_ASSERTIONS = NO;
				ENABLE_STRICT_OBJC_MSGSEND = YES;
				GCC_C_LANGUAGE_STANDARD = gnu99;
				GCC_NO_COMMON_BLOCKS = YES;
				GCC_WARN_64_TO_32_BIT_CONVERSION = YES;
				GCC_WARN_ABOUT_RETURN_TYPE = YES_ERROR;
				GCC_WARN_UNDECLARED_SELECTOR = YES;
				GCC_WARN_UNINITIALIZED_AUTOS = YES_AGGRESSIVE;
				GCC_WARN_UNUSED_FUNCTION = YES;
				GCC_WARN_UNUSED_VARIABLE = YES;
				IPHONEOS_DEPLOYMENT_TARGET = 10.0;
				MTL_ENABLE_DEBUG_INFO = NO;
				SDKROOT = iphoneos;
				SWIFT_OPTIMIZATION_LEVEL = "-Owholemodule";
				VALIDATE_PRODUCT = YES;
			};
			name = Release;
		};
		335455631DA9976500225469 /* Debug */ = {
			isa = XCBuildConfiguration;
			buildSettings = {
				ASSETCATALOG_COMPILER_APPICON_NAME = AppIcon;
				DEVELOPMENT_TEAM = PA6TX5AFRU;
				INFOPLIST_FILE = HelloWorldFromBubbles/Info.plist;
				LD_RUNPATH_SEARCH_PATHS = "$(inherited) @executable_path/Frameworks";
				PRODUCT_BUNDLE_IDENTIFIER = com.yourcompany.HelloWorldFromBubbles;
				PRODUCT_NAME = "$(TARGET_NAME)";
				SWIFT_VERSION = 3.0;
			};
			name = Debug;
		};
		335455641DA9976500225469 /* Release */ = {
			isa = XCBuildConfiguration;
			buildSettings = {
				ASSETCATALOG_COMPILER_APPICON_NAME = AppIcon;
				DEVELOPMENT_TEAM = PA6TX5AFRU;
				INFOPLIST_FILE = HelloWorldFromBubbles/Info.plist;
				LD_RUNPATH_SEARCH_PATHS = "$(inherited) @executable_path/Frameworks";
				PRODUCT_BUNDLE_IDENTIFIER = com.yourcompany.HelloWorldFromBubbles;
				PRODUCT_NAME = "$(TARGET_NAME)";
				SWIFT_VERSION = 3.0;
			};
			name = Release;
		};
/* End XCBuildConfiguration section */

/* Begin XCConfigurationList section */
		3354554B1DA9976400225469 /* Build configuration list for PBXProject "HelloWorldFromBubbles" */ = {
			isa = XCConfigurationList;
			buildConfigurations = (
				335455601DA9976500225469 /* Debug */,
				335455611DA9976500225469 /* Release */,
			);
			defaultConfigurationIsVisible = 0;
			defaultConfigurationName = Release;
		};
		335455621DA9976500225469 /* Build configuration list for PBXNativeTarget "HelloWorldFromBubbles" */ = {
			isa = XCConfigurationList;
			buildConfigurations = (
				335455631DA9976500225469 /* Debug */,
				335455641DA9976500225469 /* Release */,
			);
			defaultConfigurationIsVisible = 0;
		};
/* End XCConfigurationList section */
	};
	rootObject = 335455481DA9976400225469 /* Project object */;
}
